// !$*UTF8*$!
{
	archiveVersion = 1;
	classes = {
	};
	objectVersion = 55;
	objects = {

/* Begin PBXBuildFile section */
		5BD8042528A3921D00E1A3A4 /* AppDelegate.swift in Sources */ = {isa = PBXBuildFile; fileRef = 5BD8042428A3921D00E1A3A4 /* AppDelegate.swift */; };
		5BD8042728A3921D00E1A3A4 /* SceneDelegate.swift in Sources */ = {isa = PBXBuildFile; fileRef = 5BD8042628A3921D00E1A3A4 /* SceneDelegate.swift */; };
		5BD8042928A3921D00E1A3A4 /* ViewController.swift in Sources */ = {isa = PBXBuildFile; fileRef = 5BD8042828A3921D00E1A3A4 /* ViewController.swift */; };
		5BD8042C28A3921D00E1A3A4 /* Main.storyboard in Resources */ = {isa = PBXBuildFile; fileRef = 5BD8042A28A3921D00E1A3A4 /* Main.storyboard */; };
		5BD8042E28A3921F00E1A3A4 /* Assets.xcassets in Resources */ = {isa = PBXBuildFile; fileRef = 5BD8042D28A3921F00E1A3A4 /* Assets.xcassets */; };
		5BD8043128A3921F00E1A3A4 /* LaunchScreen.storyboard in Resources */ = {isa = PBXBuildFile; fileRef = 5BD8042F28A3921F00E1A3A4 /* LaunchScreen.storyboard */; };
		5BD8043C28A3921F00E1A3A4 /* HelloMetalTests.swift in Sources */ = {isa = PBXBuildFile; fileRef = 5BD8043B28A3921F00E1A3A4 /* HelloMetalTests.swift */; };
		5BD8044628A3921F00E1A3A4 /* HelloMetalUITests.swift in Sources */ = {isa = PBXBuildFile; fileRef = 5BD8044528A3921F00E1A3A4 /* HelloMetalUITests.swift */; };
		5BD8044828A3921F00E1A3A4 /* HelloMetalUITestsLaunchTests.swift in Sources */ = {isa = PBXBuildFile; fileRef = 5BD8044728A3921F00E1A3A4 /* HelloMetalUITestsLaunchTests.swift */; };
		5BD8045828A39B9100E1A3A4 /* ComputeViewController.swift in Sources */ = {isa = PBXBuildFile; fileRef = 5BD8045628A39B9100E1A3A4 /* ComputeViewController.swift */; };
		5BD8045928A39B9100E1A3A4 /* ComputeViewController.xib in Resources */ = {isa = PBXBuildFile; fileRef = 5BD8045728A39B9100E1A3A4 /* ComputeViewController.xib */; };
/* End PBXBuildFile section */

/* Begin PBXContainerItemProxy section */
		5BD8043828A3921F00E1A3A4 /* PBXContainerItemProxy */ = {
			isa = PBXContainerItemProxy;
			containerPortal = 5BD8041928A3921D00E1A3A4 /* Project object */;
			proxyType = 1;
			remoteGlobalIDString = 5BD8042028A3921D00E1A3A4;
			remoteInfo = HelloMetal;
		};
		5BD8044228A3921F00E1A3A4 /* PBXContainerItemProxy */ = {
			isa = PBXContainerItemProxy;
			containerPortal = 5BD8041928A3921D00E1A3A4 /* Project object */;
			proxyType = 1;
			remoteGlobalIDString = 5BD8042028A3921D00E1A3A4;
			remoteInfo = HelloMetal;
		};
/* End PBXContainerItemProxy section */

/* Begin PBXFileReference section */
		5BD8042128A3921D00E1A3A4 /* HelloMetal.app */ = {isa = PBXFileReference; explicitFileType = wrapper.application; includeInIndex = 0; path = HelloMetal.app; sourceTree = BUILT_PRODUCTS_DIR; };
		5BD8042428A3921D00E1A3A4 /* AppDelegate.swift */ = {isa = PBXFileReference; lastKnownFileType = sourcecode.swift; path = AppDelegate.swift; sourceTree = "<group>"; };
		5BD8042628A3921D00E1A3A4 /* SceneDelegate.swift */ = {isa = PBXFileReference; lastKnownFileType = sourcecode.swift; path = SceneDelegate.swift; sourceTree = "<group>"; };
		5BD8042828A3921D00E1A3A4 /* ViewController.swift */ = {isa = PBXFileReference; lastKnownFileType = sourcecode.swift; path = ViewController.swift; sourceTree = "<group>"; };
		5BD8042B28A3921D00E1A3A4 /* Base */ = {isa = PBXFileReference; lastKnownFileType = file.storyboard; name = Base; path = Base.lproj/Main.storyboard; sourceTree = "<group>"; };
		5BD8042D28A3921F00E1A3A4 /* Assets.xcassets */ = {isa = PBXFileReference; lastKnownFileType = folder.assetcatalog; path = Assets.xcassets; sourceTree = "<group>"; };
		5BD8043028A3921F00E1A3A4 /* Base */ = {isa = PBXFileReference; lastKnownFileType = file.storyboard; name = Base; path = Base.lproj/LaunchScreen.storyboard; sourceTree = "<group>"; };
		5BD8043228A3921F00E1A3A4 /* Info.plist */ = {isa = PBXFileReference; lastKnownFileType = text.plist.xml; path = Info.plist; sourceTree = "<group>"; };
		5BD8043728A3921F00E1A3A4 /* HelloMetalTests.xctest */ = {isa = PBXFileReference; explicitFileType = wrapper.cfbundle; includeInIndex = 0; path = HelloMetalTests.xctest; sourceTree = BUILT_PRODUCTS_DIR; };
		5BD8043B28A3921F00E1A3A4 /* HelloMetalTests.swift */ = {isa = PBXFileReference; lastKnownFileType = sourcecode.swift; path = HelloMetalTests.swift; sourceTree = "<group>"; };
		5BD8044128A3921F00E1A3A4 /* HelloMetalUITests.xctest */ = {isa = PBXFileReference; explicitFileType = wrapper.cfbundle; includeInIndex = 0; path = HelloMetalUITests.xctest; sourceTree = BUILT_PRODUCTS_DIR; };
		5BD8044528A3921F00E1A3A4 /* HelloMetalUITests.swift */ = {isa = PBXFileReference; lastKnownFileType = sourcecode.swift; path = HelloMetalUITests.swift; sourceTree = "<group>"; };
		5BD8044728A3921F00E1A3A4 /* HelloMetalUITestsLaunchTests.swift */ = {isa = PBXFileReference; lastKnownFileType = sourcecode.swift; path = HelloMetalUITestsLaunchTests.swift; sourceTree = "<group>"; };
		5BD8045628A39B9100E1A3A4 /* ComputeViewController.swift */ = {isa = PBXFileReference; lastKnownFileType = sourcecode.swift; path = ComputeViewController.swift; sourceTree = "<group>"; };
		5BD8045728A39B9100E1A3A4 /* ComputeViewController.xib */ = {isa = PBXFileReference; lastKnownFileType = file.xib; path = ComputeViewController.xib; sourceTree = "<group>"; };
/* End PBXFileReference section */

/* Begin PBXFrameworksBuildPhase section */
		5BD8041E28A3921D00E1A3A4 /* Frameworks */ = {
			isa = PBXFrameworksBuildPhase;
			buildActionMask = 2147483647;
			files = (
			);
			runOnlyForDeploymentPostprocessing = 0;
		};
		5BD8043428A3921F00E1A3A4 /* Frameworks */ = {
			isa = PBXFrameworksBuildPhase;
			buildActionMask = 2147483647;
			files = (
			);
			runOnlyForDeploymentPostprocessing = 0;
		};
		5BD8043E28A3921F00E1A3A4 /* Frameworks */ = {
			isa = PBXFrameworksBuildPhase;
			buildActionMask = 2147483647;
			files = (
			);
			runOnlyForDeploymentPostprocessing = 0;
		};
/* End PBXFrameworksBuildPhase section */

/* Begin PBXGroup section */
		5BD8041828A3921D00E1A3A4 = {
			isa = PBXGroup;
			children = (
				5BD8042328A3921D00E1A3A4 /* HelloMetal */,
				5BD8043A28A3921F00E1A3A4 /* HelloMetalTests */,
				5BD8044428A3921F00E1A3A4 /* HelloMetalUITests */,
				5BD8042228A3921D00E1A3A4 /* Products */,
			);
			sourceTree = "<group>";
		};
		5BD8042228A3921D00E1A3A4 /* Products */ = {
			isa = PBXGroup;
			children = (
				5BD8042128A3921D00E1A3A4 /* HelloMetal.app */,
				5BD8043728A3921F00E1A3A4 /* HelloMetalTests.xctest */,
				5BD8044128A3921F00E1A3A4 /* HelloMetalUITests.xctest */,
			);
			name = Products;
			sourceTree = "<group>";
		};
		5BD8042328A3921D00E1A3A4 /* HelloMetal */ = {
			isa = PBXGroup;
			children = (
				5BD8045428A39B6600E1A3A4 /* Demos */,
				5BD8042428A3921D00E1A3A4 /* AppDelegate.swift */,
				5BD8042628A3921D00E1A3A4 /* SceneDelegate.swift */,
				5BD8042828A3921D00E1A3A4 /* ViewController.swift */,
				5BD8042A28A3921D00E1A3A4 /* Main.storyboard */,
				5BD8042D28A3921F00E1A3A4 /* Assets.xcassets */,
				5BD8042F28A3921F00E1A3A4 /* LaunchScreen.storyboard */,
				5BD8043228A3921F00E1A3A4 /* Info.plist */,
			);
			path = HelloMetal;
			sourceTree = "<group>";
		};
		5BD8043A28A3921F00E1A3A4 /* HelloMetalTests */ = {
			isa = PBXGroup;
			children = (
				5BD8043B28A3921F00E1A3A4 /* HelloMetalTests.swift */,
			);
			path = HelloMetalTests;
			sourceTree = "<group>";
		};
		5BD8044428A3921F00E1A3A4 /* HelloMetalUITests */ = {
			isa = PBXGroup;
			children = (
				5BD8044528A3921F00E1A3A4 /* HelloMetalUITests.swift */,
				5BD8044728A3921F00E1A3A4 /* HelloMetalUITestsLaunchTests.swift */,
			);
			path = HelloMetalUITests;
			sourceTree = "<group>";
		};
		5BD8045428A39B6600E1A3A4 /* Demos */ = {
			isa = PBXGroup;
			children = (
				5BD8045528A39B6F00E1A3A4 /* compute */,
			);
			path = Demos;
			sourceTree = "<group>";
		};
		5BD8045528A39B6F00E1A3A4 /* compute */ = {
			isa = PBXGroup;
			children = (
				5BD8045628A39B9100E1A3A4 /* ComputeViewController.swift */,
				5BD8045728A39B9100E1A3A4 /* ComputeViewController.xib */,
			);
			path = compute;
			sourceTree = "<group>";
		};
/* End PBXGroup section */

/* Begin PBXNativeTarget section */
		5BD8042028A3921D00E1A3A4 /* HelloMetal */ = {
			isa = PBXNativeTarget;
			buildConfigurationList = 5BD8044B28A3921F00E1A3A4 /* Build configuration list for PBXNativeTarget "HelloMetal" */;
			buildPhases = (
				5BD8041D28A3921D00E1A3A4 /* Sources */,
				5BD8041E28A3921D00E1A3A4 /* Frameworks */,
				5BD8041F28A3921D00E1A3A4 /* Resources */,
			);
			buildRules = (
			);
			dependencies = (
			);
			name = HelloMetal;
			productName = HelloMetal;
			productReference = 5BD8042128A3921D00E1A3A4 /* HelloMetal.app */;
			productType = "com.apple.product-type.application";
		};
		5BD8043628A3921F00E1A3A4 /* HelloMetalTests */ = {
			isa = PBXNativeTarget;
			buildConfigurationList = 5BD8044E28A3921F00E1A3A4 /* Build configuration list for PBXNativeTarget "HelloMetalTests" */;
			buildPhases = (
				5BD8043328A3921F00E1A3A4 /* Sources */,
				5BD8043428A3921F00E1A3A4 /* Frameworks */,
				5BD8043528A3921F00E1A3A4 /* Resources */,
			);
			buildRules = (
			);
			dependencies = (
				5BD8043928A3921F00E1A3A4 /* PBXTargetDependency */,
			);
			name = HelloMetalTests;
			productName = HelloMetalTests;
			productReference = 5BD8043728A3921F00E1A3A4 /* HelloMetalTests.xctest */;
			productType = "com.apple.product-type.bundle.unit-test";
		};
		5BD8044028A3921F00E1A3A4 /* HelloMetalUITests */ = {
			isa = PBXNativeTarget;
			buildConfigurationList = 5BD8045128A3921F00E1A3A4 /* Build configuration list for PBXNativeTarget "HelloMetalUITests" */;
			buildPhases = (
				5BD8043D28A3921F00E1A3A4 /* Sources */,
				5BD8043E28A3921F00E1A3A4 /* Frameworks */,
				5BD8043F28A3921F00E1A3A4 /* Resources */,
			);
			buildRules = (
			);
			dependencies = (
				5BD8044328A3921F00E1A3A4 /* PBXTargetDependency */,
			);
			name = HelloMetalUITests;
			productName = HelloMetalUITests;
			productReference = 5BD8044128A3921F00E1A3A4 /* HelloMetalUITests.xctest */;
			productType = "com.apple.product-type.bundle.ui-testing";
		};
/* End PBXNativeTarget section */

/* Begin PBXProject section */
		5BD8041928A3921D00E1A3A4 /* Project object */ = {
			isa = PBXProject;
			attributes = {
				BuildIndependentTargetsInParallel = 1;
				LastSwiftUpdateCheck = 1340;
				LastUpgradeCheck = 1340;
				TargetAttributes = {
					5BD8042028A3921D00E1A3A4 = {
						CreatedOnToolsVersion = 13.4.1;
					};
					5BD8043628A3921F00E1A3A4 = {
						CreatedOnToolsVersion = 13.4.1;
						TestTargetID = 5BD8042028A3921D00E1A3A4;
					};
					5BD8044028A3921F00E1A3A4 = {
						CreatedOnToolsVersion = 13.4.1;
						TestTargetID = 5BD8042028A3921D00E1A3A4;
					};
				};
			};
			buildConfigurationList = 5BD8041C28A3921D00E1A3A4 /* Build configuration list for PBXProject "HelloMetal" */;
			compatibilityVersion = "Xcode 13.0";
			developmentRegion = en;
			hasScannedForEncodings = 0;
			knownRegions = (
				en,
				Base,
			);
			mainGroup = 5BD8041828A3921D00E1A3A4;
			productRefGroup = 5BD8042228A3921D00E1A3A4 /* Products */;
			projectDirPath = "";
			projectRoot = "";
			targets = (
				5BD8042028A3921D00E1A3A4 /* HelloMetal */,
				5BD8043628A3921F00E1A3A4 /* HelloMetalTests */,
				5BD8044028A3921F00E1A3A4 /* HelloMetalUITests */,
			);
		};
/* End PBXProject section */

/* Begin PBXResourcesBuildPhase section */
		5BD8041F28A3921D00E1A3A4 /* Resources */ = {
			isa = PBXResourcesBuildPhase;
			buildActionMask = 2147483647;
			files = (
				5BD8043128A3921F00E1A3A4 /* LaunchScreen.storyboard in Resources */,
				5BD8042E28A3921F00E1A3A4 /* Assets.xcassets in Resources */,
				5BD8045928A39B9100E1A3A4 /* ComputeViewController.xib in Resources */,
				5BD8042C28A3921D00E1A3A4 /* Main.storyboard in Resources */,
			);
			runOnlyForDeploymentPostprocessing = 0;
		};
		5BD8043528A3921F00E1A3A4 /* Resources */ = {
			isa = PBXResourcesBuildPhase;
			buildActionMask = 2147483647;
			files = (
			);
			runOnlyForDeploymentPostprocessing = 0;
		};
		5BD8043F28A3921F00E1A3A4 /* Resources */ = {
			isa = PBXResourcesBuildPhase;
			buildActionMask = 2147483647;
			files = (
			);
			runOnlyForDeploymentPostprocessing = 0;
		};
/* End PBXResourcesBuildPhase section */

/* Begin PBXSourcesBuildPhase section */
		5BD8041D28A3921D00E1A3A4 /* Sources */ = {
			isa = PBXSourcesBuildPhase;
			buildActionMask = 2147483647;
			files = (
				5BD8042928A3921D00E1A3A4 /* ViewController.swift in Sources */,
				5BD8042528A3921D00E1A3A4 /* AppDelegate.swift in Sources */,
				5BD8045828A39B9100E1A3A4 /* ComputeViewController.swift in Sources */,
				5BD8042728A3921D00E1A3A4 /* SceneDelegate.swift in Sources */,
			);
			runOnlyForDeploymentPostprocessing = 0;
		};
		5BD8043328A3921F00E1A3A4 /* Sources */ = {
			isa = PBXSourcesBuildPhase;
			buildActionMask = 2147483647;
			files = (
				5BD8043C28A3921F00E1A3A4 /* HelloMetalTests.swift in Sources */,
			);
			runOnlyForDeploymentPostprocessing = 0;
		};
		5BD8043D28A3921F00E1A3A4 /* Sources */ = {
			isa = PBXSourcesBuildPhase;
			buildActionMask = 2147483647;
			files = (
				5BD8044628A3921F00E1A3A4 /* HelloMetalUITests.swift in Sources */,
				5BD8044828A3921F00E1A3A4 /* HelloMetalUITestsLaunchTests.swift in Sources */,
			);
			runOnlyForDeploymentPostprocessing = 0;
		};
/* End PBXSourcesBuildPhase section */

/* Begin PBXTargetDependency section */
		5BD8043928A3921F00E1A3A4 /* PBXTargetDependency */ = {
			isa = PBXTargetDependency;
			target = 5BD8042028A3921D00E1A3A4 /* HelloMetal */;
			targetProxy = 5BD8043828A3921F00E1A3A4 /* PBXContainerItemProxy */;
		};
		5BD8044328A3921F00E1A3A4 /* PBXTargetDependency */ = {
			isa = PBXTargetDependency;
			target = 5BD8042028A3921D00E1A3A4 /* HelloMetal */;
			targetProxy = 5BD8044228A3921F00E1A3A4 /* PBXContainerItemProxy */;
		};
/* End PBXTargetDependency section */

/* Begin PBXVariantGroup section */
		5BD8042A28A3921D00E1A3A4 /* Main.storyboard */ = {
			isa = PBXVariantGroup;
			children = (
				5BD8042B28A3921D00E1A3A4 /* Base */,
			);
			name = Main.storyboard;
			sourceTree = "<group>";
		};
		5BD8042F28A3921F00E1A3A4 /* LaunchScreen.storyboard */ = {
			isa = PBXVariantGroup;
			children = (
				5BD8043028A3921F00E1A3A4 /* Base */,
			);
			name = LaunchScreen.storyboard;
			sourceTree = "<group>";
		};
/* End PBXVariantGroup section */

/* Begin XCBuildConfiguration section */
		5BD8044928A3921F00E1A3A4 /* Debug */ = {
			isa = XCBuildConfiguration;
			buildSettings = {
				ALWAYS_SEARCH_USER_PATHS = NO;
				CLANG_ANALYZER_NONNULL = YES;
				CLANG_ANALYZER_NUMBER_OBJECT_CONVERSION = YES_AGGRESSIVE;
				CLANG_CXX_LANGUAGE_STANDARD = "gnu++17";
				CLANG_ENABLE_MODULES = YES;
				CLANG_ENABLE_OBJC_ARC = YES;
				CLANG_ENABLE_OBJC_WEAK = YES;
				CLANG_WARN_BLOCK_CAPTURE_AUTORELEASING = YES;
				CLANG_WARN_BOOL_CONVERSION = YES;
				CLANG_WARN_COMMA = YES;
				CLANG_WARN_CONSTANT_CONVERSION = YES;
				CLANG_WARN_DEPRECATED_OBJC_IMPLEMENTATIONS = YES;
				CLANG_WARN_DIRECT_OBJC_ISA_USAGE = YES_ERROR;
				CLANG_WARN_DOCUMENTATION_COMMENTS = YES;
				CLANG_WARN_EMPTY_BODY = YES;
				CLANG_WARN_ENUM_CONVERSION = YES;
				CLANG_WARN_INFINITE_RECURSION = YES;
				CLANG_WARN_INT_CONVERSION = YES;
				CLANG_WARN_NON_LITERAL_NULL_CONVERSION = YES;
				CLANG_WARN_OBJC_IMPLICIT_RETAIN_SELF = YES;
				CLANG_WARN_OBJC_LITERAL_CONVERSION = YES;
				CLANG_WARN_OBJC_ROOT_CLASS = YES_ERROR;
				CLANG_WARN_QUOTED_INCLUDE_IN_FRAMEWORK_HEADER = YES;
				CLANG_WARN_RANGE_LOOP_ANALYSIS = YES;
				CLANG_WARN_STRICT_PROTOTYPES = YES;
				CLANG_WARN_SUSPICIOUS_MOVE = YES;
				CLANG_WARN_UNGUARDED_AVAILABILITY = YES_AGGRESSIVE;
				CLANG_WARN_UNREACHABLE_CODE = YES;
				CLANG_WARN__DUPLICATE_METHOD_MATCH = YES;
				COPY_PHASE_STRIP = NO;
				DEBUG_INFORMATION_FORMAT = dwarf;
				ENABLE_STRICT_OBJC_MSGSEND = YES;
				ENABLE_TESTABILITY = YES;
				GCC_C_LANGUAGE_STANDARD = gnu11;
				GCC_DYNAMIC_NO_PIC = NO;
				GCC_NO_COMMON_BLOCKS = YES;
				GCC_OPTIMIZATION_LEVEL = 0;
				GCC_PREPROCESSOR_DEFINITIONS = (
					"DEBUG=1",
					"$(inherited)",
				);
				GCC_WARN_64_TO_32_BIT_CONVERSION = YES;
				GCC_WARN_ABOUT_RETURN_TYPE = YES_ERROR;
				GCC_WARN_UNDECLARED_SELECTOR = YES;
				GCC_WARN_UNINITIALIZED_AUTOS = YES_AGGRESSIVE;
				GCC_WARN_UNUSED_FUNCTION = YES;
				GCC_WARN_UNUSED_VARIABLE = YES;
				IPHONEOS_DEPLOYMENT_TARGET = 15.5;
				MTL_ENABLE_DEBUG_INFO = INCLUDE_SOURCE;
				MTL_FAST_MATH = YES;
				ONLY_ACTIVE_ARCH = YES;
				SDKROOT = iphoneos;
				SWIFT_ACTIVE_COMPILATION_CONDITIONS = DEBUG;
				SWIFT_OPTIMIZATION_LEVEL = "-Onone";
			};
			name = Debug;
		};
		5BD8044A28A3921F00E1A3A4 /* Release */ = {
			isa = XCBuildConfiguration;
			buildSettings = {
				ALWAYS_SEARCH_USER_PATHS = NO;
				CLANG_ANALYZER_NONNULL = YES;
				CLANG_ANALYZER_NUMBER_OBJECT_CONVERSION = YES_AGGRESSIVE;
				CLANG_CXX_LANGUAGE_STANDARD = "gnu++17";
				CLANG_ENABLE_MODULES = YES;
				CLANG_ENABLE_OBJC_ARC = YES;
				CLANG_ENABLE_OBJC_WEAK = YES;
				CLANG_WARN_BLOCK_CAPTURE_AUTORELEASING = YES;
				CLANG_WARN_BOOL_CONVERSION = YES;
				CLANG_WARN_COMMA = YES;
				CLANG_WARN_CONSTANT_CONVERSION = YES;
				CLANG_WARN_DEPRECATED_OBJC_IMPLEMENTATIONS = YES;
				CLANG_WARN_DIRECT_OBJC_ISA_USAGE = YES_ERROR;
				CLANG_WARN_DOCUMENTATION_COMMENTS = YES;
				CLANG_WARN_EMPTY_BODY = YES;
				CLANG_WARN_ENUM_CONVERSION = YES;
				CLANG_WARN_INFINITE_RECURSION = YES;
				CLANG_WARN_INT_CONVERSION = YES;
				CLANG_WARN_NON_LITERAL_NULL_CONVERSION = YES;
				CLANG_WARN_OBJC_IMPLICIT_RETAIN_SELF = YES;
				CLANG_WARN_OBJC_LITERAL_CONVERSION = YES;
				CLANG_WARN_OBJC_ROOT_CLASS = YES_ERROR;
				CLANG_WARN_QUOTED_INCLUDE_IN_FRAMEWORK_HEADER = YES;
				CLANG_WARN_RANGE_LOOP_ANALYSIS = YES;
				CLANG_WARN_STRICT_PROTOTYPES = YES;
				CLANG_WARN_SUSPICIOUS_MOVE = YES;
				CLANG_WARN_UNGUARDED_AVAILABILITY = YES_AGGRESSIVE;
				CLANG_WARN_UNREACHABLE_CODE = YES;
				CLANG_WARN__DUPLICATE_METHOD_MATCH = YES;
				COPY_PHASE_STRIP = NO;
				DEBUG_INFORMATION_FORMAT = "dwarf-with-dsym";
				ENABLE_NS_ASSERTIONS = NO;
				ENABLE_STRICT_OBJC_MSGSEND = YES;
				GCC_C_LANGUAGE_STANDARD = gnu11;
				GCC_NO_COMMON_BLOCKS = YES;
				GCC_WARN_64_TO_32_BIT_CONVERSION = YES;
				GCC_WARN_ABOUT_RETURN_TYPE = YES_ERROR;
				GCC_WARN_UNDECLARED_SELECTOR = YES;
				GCC_WARN_UNINITIALIZED_AUTOS = YES_AGGRESSIVE;
				GCC_WARN_UNUSED_FUNCTION = YES;
				GCC_WARN_UNUSED_VARIABLE = YES;
				IPHONEOS_DEPLOYMENT_TARGET = 15.5;
				MTL_ENABLE_DEBUG_INFO = NO;
				MTL_FAST_MATH = YES;
				SDKROOT = iphoneos;
				SWIFT_COMPILATION_MODE = wholemodule;
				SWIFT_OPTIMIZATION_LEVEL = "-O";
				VALIDATE_PRODUCT = YES;
			};
			name = Release;
		};
		5BD8044C28A3921F00E1A3A4 /* Debug */ = {
			isa = XCBuildConfiguration;
			buildSettings = {
				ASSETCATALOG_COMPILER_APPICON_NAME = AppIcon;
				ASSETCATALOG_COMPILER_GLOBAL_ACCENT_COLOR_NAME = AccentColor;
				CODE_SIGN_STYLE = Automatic;
				CURRENT_PROJECT_VERSION = 1;
				DEVELOPMENT_TEAM = G39XBUQ8NC;
				GENERATE_INFOPLIST_FILE = YES;
				INFOPLIST_FILE = HelloMetal/Info.plist;
				INFOPLIST_KEY_UIApplicationSupportsIndirectInputEvents = YES;
				INFOPLIST_KEY_UILaunchStoryboardName = LaunchScreen;
				INFOPLIST_KEY_UIMainStoryboardFile = Main;
				INFOPLIST_KEY_UISupportedInterfaceOrientations_iPad = "UIInterfaceOrientationPortrait UIInterfaceOrientationPortraitUpsideDown UIInterfaceOrientationLandscapeLeft UIInterfaceOrientationLandscapeRight";
				INFOPLIST_KEY_UISupportedInterfaceOrientations_iPhone = "UIInterfaceOrientationPortrait UIInterfaceOrientationLandscapeLeft UIInterfaceOrientationLandscapeRight";
				LD_RUNPATH_SEARCH_PATHS = (
					"$(inherited)",
					"@executable_path/Frameworks",
				);
				MARKETING_VERSION = 1.0;
				PRODUCT_BUNDLE_IDENTIFIER = com.YourCompany.HelloMetal;
				PRODUCT_NAME = "$(TARGET_NAME)";
				SWIFT_EMIT_LOC_STRINGS = YES;
				SWIFT_VERSION = 5.0;
				TARGETED_DEVICE_FAMILY = "1,2";
			};
			name = Debug;
		};
		5BD8044D28A3921F00E1A3A4 /* Release */ = {
			isa = XCBuildConfiguration;
			buildSettings = {
				ASSETCATALOG_COMPILER_APPICON_NAME = AppIcon;
				ASSETCATALOG_COMPILER_GLOBAL_ACCENT_COLOR_NAME = AccentColor;
				CODE_SIGN_STYLE = Automatic;
				CURRENT_PROJECT_VERSION = 1;
				DEVELOPMENT_TEAM = G39XBUQ8NC;
				GENERATE_INFOPLIST_FILE = YES;
				INFOPLIST_FILE = HelloMetal/Info.plist;
				INFOPLIST_KEY_UIApplicationSupportsIndirectInputEvents = YES;
				INFOPLIST_KEY_UILaunchStoryboardName = LaunchScreen;
				INFOPLIST_KEY_UIMainStoryboardFile = Main;
				INFOPLIST_KEY_UISupportedInterfaceOrientations_iPad = "UIInterfaceOrientationPortrait UIInterfaceOrientationPortraitUpsideDown UIInterfaceOrientationLandscapeLeft UIInterfaceOrientationLandscapeRight";
				INFOPLIST_KEY_UISupportedInterfaceOrientations_iPhone = "UIInterfaceOrientationPortrait UIInterfaceOrientationLandscapeLeft UIInterfaceOrientationLandscapeRight";
				LD_RUNPATH_SEARCH_PATHS = (
					"$(inherited)",
					"@executable_path/Frameworks",
				);
				MARKETING_VERSION = 1.0;
				PRODUCT_BUNDLE_IDENTIFIER = com.YourCompany.HelloMetal;
				PRODUCT_NAME = "$(TARGET_NAME)";
				SWIFT_EMIT_LOC_STRINGS = YES;
				SWIFT_VERSION = 5.0;
				TARGETED_DEVICE_FAMILY = "1,2";
			};
			name = Release;
		};
		5BD8044F28A3921F00E1A3A4 /* Debug */ = {
			isa = XCBuildConfiguration;
			buildSettings = {
				ALWAYS_EMBED_SWIFT_STANDARD_LIBRARIES = YES;
				BUNDLE_LOADER = "$(TEST_HOST)";
				CODE_SIGN_STYLE = Automatic;
				CURRENT_PROJECT_VERSION = 1;
				DEVELOPMENT_TEAM = G39XBUQ8NC;
				GENERATE_INFOPLIST_FILE = YES;
				IPHONEOS_DEPLOYMENT_TARGET = 15.5;
				MARKETING_VERSION = 1.0;
				PRODUCT_BUNDLE_IDENTIFIER = com.YourCompany.HelloMetalTests;
				PRODUCT_NAME = "$(TARGET_NAME)";
				SWIFT_EMIT_LOC_STRINGS = NO;
				SWIFT_VERSION = 5.0;
				TARGETED_DEVICE_FAMILY = "1,2";
				TEST_HOST = "$(BUILT_PRODUCTS_DIR)/HelloMetal.app/HelloMetal";
			};
			name = Debug;
		};
		5BD8045028A3921F00E1A3A4 /* Release */ = {
			isa = XCBuildConfiguration;
			buildSettings = {
				ALWAYS_EMBED_SWIFT_STANDARD_LIBRARIES = YES;
				BUNDLE_LOADER = "$(TEST_HOST)";
				CODE_SIGN_STYLE = Automatic;
				CURRENT_PROJECT_VERSION = 1;
				DEVELOPMENT_TEAM = G39XBUQ8NC;
				GENERATE_INFOPLIST_FILE = YES;
				IPHONEOS_DEPLOYMENT_TARGET = 15.5;
				MARKETING_VERSION = 1.0;
				PRODUCT_BUNDLE_IDENTIFIER = com.YourCompany.HelloMetalTests;
				PRODUCT_NAME = "$(TARGET_NAME)";
				SWIFT_EMIT_LOC_STRINGS = NO;
				SWIFT_VERSION = 5.0;
				TARGETED_DEVICE_FAMILY = "1,2";
				TEST_HOST = "$(BUILT_PRODUCTS_DIR)/HelloMetal.app/HelloMetal";
			};
			name = Release;
		};
		5BD8045228A3921F00E1A3A4 /* Debug */ = {
			isa = XCBuildConfiguration;
			buildSettings = {
				ALWAYS_EMBED_SWIFT_STANDARD_LIBRARIES = YES;
				CODE_SIGN_STYLE = Automatic;
				CURRENT_PROJECT_VERSION = 1;
				DEVELOPMENT_TEAM = G39XBUQ8NC;
				GENERATE_INFOPLIST_FILE = YES;
				MARKETING_VERSION = 1.0;
				PRODUCT_BUNDLE_IDENTIFIER = com.YourCompany.HelloMetalUITests;
				PRODUCT_NAME = "$(TARGET_NAME)";
				SWIFT_EMIT_LOC_STRINGS = NO;
				SWIFT_VERSION = 5.0;
				TARGETED_DEVICE_FAMILY = "1,2";
				TEST_TARGET_NAME = HelloMetal;
			};
			name = Debug;
		};
		5BD8045328A3921F00E1A3A4 /* Release */ = {
			isa = XCBuildConfiguration;
			buildSettings = {
				ALWAYS_EMBED_SWIFT_STANDARD_LIBRARIES = YES;
				CODE_SIGN_STYLE = Automatic;
				CURRENT_PROJECT_VERSION = 1;
				DEVELOPMENT_TEAM = G39XBUQ8NC;
				GENERATE_INFOPLIST_FILE = YES;
				MARKETING_VERSION = 1.0;
				PRODUCT_BUNDLE_IDENTIFIER = com.YourCompany.HelloMetalUITests;
				PRODUCT_NAME = "$(TARGET_NAME)";
				SWIFT_EMIT_LOC_STRINGS = NO;
				SWIFT_VERSION = 5.0;
				TARGETED_DEVICE_FAMILY = "1,2";
				TEST_TARGET_NAME = HelloMetal;
			};
			name = Release;
		};
/* End XCBuildConfiguration section */

/* Begin XCConfigurationList section */
		5BD8041C28A3921D00E1A3A4 /* Build configuration list for PBXProject "HelloMetal" */ = {
			isa = XCConfigurationList;
			buildConfigurations = (
				5BD8044928A3921F00E1A3A4 /* Debug */,
				5BD8044A28A3921F00E1A3A4 /* Release */,
			);
			defaultConfigurationIsVisible = 0;
			defaultConfigurationName = Release;
		};
		5BD8044B28A3921F00E1A3A4 /* Build configuration list for PBXNativeTarget "HelloMetal" */ = {
			isa = XCConfigurationList;
			buildConfigurations = (
				5BD8044C28A3921F00E1A3A4 /* Debug */,
				5BD8044D28A3921F00E1A3A4 /* Release */,
			);
			defaultConfigurationIsVisible = 0;
			defaultConfigurationName = Release;
		};
		5BD8044E28A3921F00E1A3A4 /* Build configuration list for PBXNativeTarget "HelloMetalTests" */ = {
			isa = XCConfigurationList;
			buildConfigurations = (
				5BD8044F28A3921F00E1A3A4 /* Debug */,
				5BD8045028A3921F00E1A3A4 /* Release */,
			);
			defaultConfigurationIsVisible = 0;
			defaultConfigurationName = Release;
		};
		5BD8045128A3921F00E1A3A4 /* Build configuration list for PBXNativeTarget "HelloMetalUITests" */ = {
			isa = XCConfigurationList;
			buildConfigurations = (
				5BD8045228A3921F00E1A3A4 /* Debug */,
				5BD8045328A3921F00E1A3A4 /* Release */,
			);
			defaultConfigurationIsVisible = 0;
			defaultConfigurationName = Release;
		};
/* End XCConfigurationList section */
	};
	rootObject = 5BD8041928A3921D00E1A3A4 /* Project object */;
}
